
Microsoft Visual Studio Solution File, Format Version 12.00
# Visual Studio Version 17
VisualStudioVersion = 17.4.33403.182
MinimumVisualStudioVersion = 10.0.40219.1
Project("{FAE04EC0-301F-11D3-BF4B-00C04F79EFBC}") = "GTA5_VH", "GTA5_VH\GTA5_VH.csproj", "{1861B591-ADA1-4273-AEE7-6B8BF04ABCAD}"
EndProject
Global
	GlobalSection(SolutionConfigurationPlatforms) = preSolution
		Debug|Any CPU = Debug|Any CPU
		Debug|x64 = Debug|x64
		Release|Any CPU = Release|Any CPU
		Release|x64 = Release|x64
	EndGlobalSection
	GlobalSection(ProjectConfigurationPlatforms) = postSolution
		{1861B591-ADA1-4273-AEE7-6B8BF04ABCAD}.Debug|Any CPU.ActiveCfg = Debug|Any CPU
		{1861B591-ADA1-4273-AEE7-6B8BF04ABCAD}.Debug|Any CPU.Build.0 = Debug|Any CPU
		{1861B591-ADA1-4273-AEE7-6B8BF04ABCAD}.Debug|x64.ActiveCfg = Debug|x64
		{1861B591-ADA1-4273-AEE7-6B8BF04ABCAD}.Debug|x64.Build.0 = Debug|x64
		{1861B591-ADA1-4273-AEE7-6B8BF04ABCAD}.Release|Any CPU.ActiveCfg = Release|Any CPU
		{1861B591-ADA1-4273-AEE7-6B8BF04ABCAD}.Release|Any CPU.Build.0 = Release|Any CPU
		{1861B591-ADA1-4273-AEE7-6B8BF04ABCAD}.Release|x64.ActiveCfg = Release|x64
		{1861B591-ADA1-4273-AEE7-6B8BF04ABCAD}.Release|x64.Build.0 = Release|x64
	EndGlobalSection
	GlobalSection(SolutionProperties) = preSolution
		HideSolutionNode = FALSE
	EndGlobalSection
	GlobalSection(ExtensibilityGlobals) = postSolution
		SolutionGuid = {1C3B45D4-2842-4BA5-A1FF-971C04F97660}
	EndGlobalSection
EndGlobal
